
Microsoft Visual Studio Solution File, Format Version 12.00
# Visual Studio Version 17
VisualStudioVersion = 17.9.34723.18
MinimumVisualStudioVersion = 10.0.40219.1
Project("{2150E333-8FDC-42A3-9474-1A3956D46DE8}") = "SPLUS.Gateway", "SPLUS.Gateway", "{D90642D4-D1E1-4518-8981-128AFF4A5FBF}"
EndProject
Project("{9A19103F-16F7-4668-BE54-9A1E7A4F7556}") = "OcelotGateway", "SPLUS.Gateway\OcelotGateway\OcelotGateway.csproj", "{80F54752-78A5-4659-B3E0-037499DD2CB6}"
EndProject
Project("{9A19103F-16F7-4668-BE54-9A1E7A4F7556}") = "AuthApi", "SPLUS.Gateway\AuthApi\AuthApi.csproj", "{5FC6D106-4FBF-4A84-B8CA-AE20E4B53A66}"
EndProject
Project("{2150E333-8FDC-42A3-9474-1A3956D46DE8}") = "SPLUS.TenantService", "SPLUS.TenantService", "{9952B183-659F-40D5-B13D-F031E6CEE147}"
EndProject
Project("{9A19103F-16F7-4668-BE54-9A1E7A4F7556}") = "SPLUS.Tenant.Api", "SPLUS.TenantService\SPLUS.Tenant.Api\SPLUS.Tenant.Api.csproj", "{8E6841BA-8C0E-4CA1-836D-A5A18ECAFCAE}"
EndProject
Project("{9A19103F-16F7-4668-BE54-9A1E7A4F7556}") = "SPLUS.Tenant.Application", "SPLUS.TenantService\SPLUS.Tenant.Application\SPLUS.Tenant.Application.csproj", "{C0463673-A481-4F88-A770-B2C943045D4F}"
EndProject
Project("{9A19103F-16F7-4668-BE54-9A1E7A4F7556}") = "SPLUS.Tenant.Domain", "SPLUS.TenantService\SPLUS.Tenant.Domain\SPLUS.Tenant.Domain.csproj", "{E2BDF9C5-C731-4D4C-9BCB-B6B772818748}"
EndProject
Project("{9A19103F-16F7-4668-BE54-9A1E7A4F7556}") = "SPLUS.Tenant.Infrastructure", "SPLUS.TenantService\SPLUS.Tenant.Infrastructure\SPLUS.Tenant.Infrastructure.csproj", "{F98845B7-93F4-485F-A248-697F04A2EC6D}"
EndProject
Project("{2150E333-8FDC-42A3-9474-1A3956D46DE8}") = "SPLUS.CustomerService", "SPLUS.CustomerService", "{E4BFF249-7942-4766-8CA1-FDD8F0721E55}"
EndProject
Project("{FAE04EC0-301F-11D3-BF4B-00C04F79EFBC}") = "SPLUS.Customer.Api", "SPLUS.CustomerService\SPLUS.Customer.Api\SPLUS.Customer.Api.csproj", "{EE4CFBBF-6E8F-46DC-A933-439EB7FB1502}"
EndProject
Global
	GlobalSection(SolutionConfigurationPlatforms) = preSolution
		Debug|Any CPU = Debug|Any CPU
		Release|Any CPU = Release|Any CPU
	EndGlobalSection
	GlobalSection(ProjectConfigurationPlatforms) = postSolution
		{80F54752-78A5-4659-B3E0-037499DD2CB6}.Debug|Any CPU.ActiveCfg = Debug|Any CPU
		{80F54752-78A5-4659-B3E0-037499DD2CB6}.Debug|Any CPU.Build.0 = Debug|Any CPU
		{80F54752-78A5-4659-B3E0-037499DD2CB6}.Release|Any CPU.ActiveCfg = Release|Any CPU
		{80F54752-78A5-4659-B3E0-037499DD2CB6}.Release|Any CPU.Build.0 = Release|Any CPU
		{5FC6D106-4FBF-4A84-B8CA-AE20E4B53A66}.Debug|Any CPU.ActiveCfg = Debug|Any CPU
		{5FC6D106-4FBF-4A84-B8CA-AE20E4B53A66}.Debug|Any CPU.Build.0 = Debug|Any CPU
		{5FC6D106-4FBF-4A84-B8CA-AE20E4B53A66}.Release|Any CPU.ActiveCfg = Release|Any CPU
		{5FC6D106-4FBF-4A84-B8CA-AE20E4B53A66}.Release|Any CPU.Build.0 = Release|Any CPU
		{8E6841BA-8C0E-4CA1-836D-A5A18ECAFCAE}.Debug|Any CPU.ActiveCfg = Debug|Any CPU
		{8E6841BA-8C0E-4CA1-836D-A5A18ECAFCAE}.Debug|Any CPU.Build.0 = Debug|Any CPU
		{8E6841BA-8C0E-4CA1-836D-A5A18ECAFCAE}.Release|Any CPU.ActiveCfg = Release|Any CPU
		{8E6841BA-8C0E-4CA1-836D-A5A18ECAFCAE}.Release|Any CPU.Build.0 = Release|Any CPU
		{C0463673-A481-4F88-A770-B2C943045D4F}.Debug|Any CPU.ActiveCfg = Debug|Any CPU
		{C0463673-A481-4F88-A770-B2C943045D4F}.Debug|Any CPU.Build.0 = Debug|Any CPU
		{C0463673-A481-4F88-A770-B2C943045D4F}.Release|Any CPU.ActiveCfg = Release|Any CPU
		{C0463673-A481-4F88-A770-B2C943045D4F}.Release|Any CPU.Build.0 = Release|Any CPU
		{E2BDF9C5-C731-4D4C-9BCB-B6B772818748}.Debug|Any CPU.ActiveCfg = Debug|Any CPU
		{E2BDF9C5-C731-4D4C-9BCB-B6B772818748}.Debug|Any CPU.Build.0 = Debug|Any CPU
		{E2BDF9C5-C731-4D4C-9BCB-B6B772818748}.Release|Any CPU.ActiveCfg = Release|Any CPU
		{E2BDF9C5-C731-4D4C-9BCB-B6B772818748}.Release|Any CPU.Build.0 = Release|Any CPU
		{F98845B7-93F4-485F-A248-697F04A2EC6D}.Debug|Any CPU.ActiveCfg = Debug|Any CPU
		{F98845B7-93F4-485F-A248-697F04A2EC6D}.Debug|Any CPU.Build.0 = Debug|Any CPU
		{F98845B7-93F4-485F-A248-697F04A2EC6D}.Release|Any CPU.ActiveCfg = Release|Any CPU
		{F98845B7-93F4-485F-A248-697F04A2EC6D}.Release|Any CPU.Build.0 = Release|Any CPU
		{EE4CFBBF-6E8F-46DC-A933-439EB7FB1502}.Debug|Any CPU.ActiveCfg = Debug|Any CPU
		{EE4CFBBF-6E8F-46DC-A933-439EB7FB1502}.Debug|Any CPU.Build.0 = Debug|Any CPU
		{EE4CFBBF-6E8F-46DC-A933-439EB7FB1502}.Release|Any CPU.ActiveCfg = Release|Any CPU
		{EE4CFBBF-6E8F-46DC-A933-439EB7FB1502}.Release|Any CPU.Build.0 = Release|Any CPU
	EndGlobalSection
	GlobalSection(SolutionProperties) = preSolution
		HideSolutionNode = FALSE
	EndGlobalSection
	GlobalSection(NestedProjects) = preSolution
		{80F54752-78A5-4659-B3E0-037499DD2CB6} = {D90642D4-D1E1-4518-8981-128AFF4A5FBF}
		{5FC6D106-4FBF-4A84-B8CA-AE20E4B53A66} = {D90642D4-D1E1-4518-8981-128AFF4A5FBF}
		{8E6841BA-8C0E-4CA1-836D-A5A18ECAFCAE} = {9952B183-659F-40D5-B13D-F031E6CEE147}
		{C0463673-A481-4F88-A770-B2C943045D4F} = {9952B183-659F-40D5-B13D-F031E6CEE147}
		{E2BDF9C5-C731-4D4C-9BCB-B6B772818748} = {9952B183-659F-40D5-B13D-F031E6CEE147}
		{F98845B7-93F4-485F-A248-697F04A2EC6D} = {9952B183-659F-40D5-B13D-F031E6CEE147}
		{EE4CFBBF-6E8F-46DC-A933-439EB7FB1502} = {E4BFF249-7942-4766-8CA1-FDD8F0721E55}
	EndGlobalSection
	GlobalSection(ExtensibilityGlobals) = postSolution
		SolutionGuid = {BE3224E3-46E8-445E-A10B-2CB0394AAC75}
	EndGlobalSection
EndGlobal
